{
  "name": "blog",
  "version": "0.0.1",
  "lockfileVersion": 2,
  "requires": true,
  "packages": {
    "": {
      "version": "0.0.1",
      "hasInstallScript": true,
      "devDependencies": {
        "@globetrotte/altimeter": "0.0.2",
        "playwright-core": "1.22.2"
      }
    },
    "node_modules/@globetrotte/altimeter": {
      "version": "0.0.2",
      "resolved": "https://registry.npmjs.org/@globetrotte/altimeter/-/altimeter-0.0.2.tgz",
      "integrity": "sha512-wuMn76BLXb4hyzC0ygtaSzUnCNUbTxCtAWxCwdaNbwfDpcwE+YECr3dM4XT1I93MvT8UEt3sw14HqyLy/iEX5g==",
      "dev": true,
      "hasInstallScript": true,
      "bin": {
        "altimeter": "bin/cli.js"
      },
      "peerDependencies": {
        "playwright-core": "1.22"
      }
    },
    "node_modules/playwright-core": {
      "version": "1.22.2",
      "resolved": "https://registry.npmjs.org/playwright-core/-/playwright-core-1.22.2.tgz",
      "integrity": "sha512-w/hc/Ld0RM4pmsNeE6aL/fPNWw8BWit2tg+TfqJ3+p59c6s3B6C8mXvXrIPmfQEobkcFDc+4KirNzOQ+uBSP1Q==",
      "dev": true,
      "bin": {
        "playwright": "cli.js"
      },
      "engines": {
        "node": ">=14"
      }
    }
  },
  "dependencies": {
    "@globetrotte/altimeter": {
      "version": "0.0.2",
      "resolved": "https://registry.npmjs.org/@globetrotte/altimeter/-/altimeter-0.0.2.tgz",
      "integrity": "sha512-wuMn76BLXb4hyzC0ygtaSzUnCNUbTxCtAWxCwdaNbwfDpcwE+YECr3dM4XT1I93MvT8UEt3sw14HqyLy/iEX5g==",
      "dev": true,
      "requires": {}
    },
    "playwright-core": {
      "version": "1.22.2",
      "resolved": "https://registry.npmjs.org/playwright-core/-/playwright-core-1.22.2.tgz",
      "integrity": "sha512-w/hc/Ld0RM4pmsNeE6aL/fPNWw8BWit2tg+TfqJ3+p59c6s3B6C8mXvXrIPmfQEobkcFDc+4KirNzOQ+uBSP1Q==",
      "dev": true
    }
  }
}
