{
  "name": "blog",
  "version": "0.0.1",
  "lockfileVersion": 2,
  "requires": true,
  "packages": {
    "": {
      "name": "blog",
      "version": "0.0.1",
      "devDependencies": {
        "@globetrotte/altimeter": "0.0.4"
      }
    },
    "node_modules/@globetrotte/altimeter": {
      "version": "0.0.4",
      "resolved": "https://registry.npmjs.org/@globetrotte/altimeter/-/altimeter-0.0.4.tgz",
      "integrity": "sha512-bYmb4Pe2YdnmFTrpCgucRwp1S02s2Ih6It0NVEoe+M6ZMSOug9ZURcFe9XTJ5A7e3GeVNyNre0MgcRl8UYnlnw==",
      "dev": true,
      "hasInstallScript": true,
      "dependencies": {
        "playwright-core": "1.22.2"
      },
      "bin": {
        "altimeter": "bin/cli.js"
      }
    },
    "node_modules/playwright-core": {
      "version": "1.22.2",
      "resolved": "https://registry.npmjs.org/playwright-core/-/playwright-core-1.22.2.tgz",
      "integrity": "sha512-w/hc/Ld0RM4pmsNeE6aL/fPNWw8BWit2tg+TfqJ3+p59c6s3B6C8mXvXrIPmfQEobkcFDc+4KirNzOQ+uBSP1Q==",
      "dev": true,
      "bin": {
        "playwright": "cli.js"
      },
      "engines": {
        "node": ">=14"
      }
    }
  },
  "dependencies": {
    "@globetrotte/altimeter": {
      "version": "0.0.4",
      "resolved": "https://registry.npmjs.org/@globetrotte/altimeter/-/altimeter-0.0.4.tgz",
      "integrity": "sha512-bYmb4Pe2YdnmFTrpCgucRwp1S02s2Ih6It0NVEoe+M6ZMSOug9ZURcFe9XTJ5A7e3GeVNyNre0MgcRl8UYnlnw==",
      "dev": true,
      "requires": {
        "playwright-core": "1.22.2"
      }
    },
    "playwright-core": {
      "version": "1.22.2",
      "resolved": "https://registry.npmjs.org/playwright-core/-/playwright-core-1.22.2.tgz",
      "integrity": "sha512-w/hc/Ld0RM4pmsNeE6aL/fPNWw8BWit2tg+TfqJ3+p59c6s3B6C8mXvXrIPmfQEobkcFDc+4KirNzOQ+uBSP1Q==",
      "dev": true
    }
  }
}
